
Microsoft Visual Studio Solution File, Format Version 12.00
# Visual Studio Version 16
VisualStudioVersion = 16.0.29306.81
MinimumVisualStudioVersion = 10.0.40219.1
Project("{9A19103F-16F7-4668-BE54-9A1E7A4F7556}") = "baseClient", "core\baseClient.csproj", "{9458ED79-37A9-4C18-B9CA-A386D4F10FDF}"
EndProject
Project("{9A19103F-16F7-4668-BE54-9A1E7A4F7556}") = "unitTest", "unitTest\unitTest.csproj", "{DCEE2A12-9CE2-4387-9D6E-55DED55CC81D}"
EndProject
Global
	GlobalSection(SolutionConfigurationPlatforms) = preSolution
		Debug|Any CPU = Debug|Any CPU
		Release|Any CPU = Release|Any CPU
	EndGlobalSection
	GlobalSection(ProjectConfigurationPlatforms) = postSolution
		{9458ED79-37A9-4C18-B9CA-A386D4F10FDF}.Debug|Any CPU.ActiveCfg = Debug|Any CPU
		{9458ED79-37A9-4C18-B9CA-A386D4F10FDF}.Debug|Any CPU.Build.0 = Debug|Any CPU
		{9458ED79-37A9-4C18-B9CA-A386D4F10FDF}.Release|Any CPU.ActiveCfg = Release|Any CPU
		{9458ED79-37A9-4C18-B9CA-A386D4F10FDF}.Release|Any CPU.Build.0 = Release|Any CPU
		{DCEE2A12-9CE2-4387-9D6E-55DED55CC81D}.Debug|Any CPU.ActiveCfg = Debug|Any CPU
		{DCEE2A12-9CE2-4387-9D6E-55DED55CC81D}.Debug|Any CPU.Build.0 = Debug|Any CPU
		{DCEE2A12-9CE2-4387-9D6E-55DED55CC81D}.Release|Any CPU.ActiveCfg = Release|Any CPU
		{DCEE2A12-9CE2-4387-9D6E-55DED55CC81D}.Release|Any CPU.Build.0 = Release|Any CPU
	EndGlobalSection
	GlobalSection(SolutionProperties) = preSolution
		HideSolutionNode = FALSE
	EndGlobalSection
	GlobalSection(ExtensibilityGlobals) = postSolution
		SolutionGuid = {2C4586F2-10EF-47D2-8824-8A1593E528EE}
	EndGlobalSection
EndGlobal
