
Microsoft Visual Studio Solution File, Format Version 12.00
# Visual Studio Version 16
VisualStudioVersion = 16.0.30320.27
MinimumVisualStudioVersion = 10.0.40219.1
Project("{9A19103F-16F7-4668-BE54-9A1E7A4F7556}") = "oss-util", "core\oss-util.csproj", "{EB32F623-94DF-4567-9145-22114CBA4557}"
EndProject
Project("{9A19103F-16F7-4668-BE54-9A1E7A4F7556}") = "tests", "tests\tests.csproj", "{2F775C1F-3D4B-47AC-9433-2DBE40EFF6CB}"
EndProject
Global
	GlobalSection(SolutionConfigurationPlatforms) = preSolution
		Debug|Any CPU = Debug|Any CPU
		Release|Any CPU = Release|Any CPU
	EndGlobalSection
	GlobalSection(ProjectConfigurationPlatforms) = postSolution
		{EB32F623-94DF-4567-9145-22114CBA4557}.Debug|Any CPU.ActiveCfg = Debug|Any CPU
		{EB32F623-94DF-4567-9145-22114CBA4557}.Debug|Any CPU.Build.0 = Debug|Any CPU
		{EB32F623-94DF-4567-9145-22114CBA4557}.Release|Any CPU.ActiveCfg = Release|Any CPU
		{EB32F623-94DF-4567-9145-22114CBA4557}.Release|Any CPU.Build.0 = Release|Any CPU
		{2F775C1F-3D4B-47AC-9433-2DBE40EFF6CB}.Debug|Any CPU.ActiveCfg = Debug|Any CPU
		{2F775C1F-3D4B-47AC-9433-2DBE40EFF6CB}.Debug|Any CPU.Build.0 = Debug|Any CPU
		{2F775C1F-3D4B-47AC-9433-2DBE40EFF6CB}.Release|Any CPU.ActiveCfg = Release|Any CPU
		{2F775C1F-3D4B-47AC-9433-2DBE40EFF6CB}.Release|Any CPU.Build.0 = Release|Any CPU
	EndGlobalSection
	GlobalSection(SolutionProperties) = preSolution
		HideSolutionNode = FALSE
	EndGlobalSection
	GlobalSection(ExtensibilityGlobals) = postSolution
		SolutionGuid = {1F689686-23FE-4B94-9070-12FAC10CC06A}
	EndGlobalSection
EndGlobal
